
Microsoft Visual Studio Solution File, Format Version 12.00
# Visual Studio Version 17
VisualStudioVersion = 17.3.32825.248
MinimumVisualStudioVersion = 10.0.40219.1
Project("{FAE04EC0-301F-11D3-BF4B-00C04F79EFBC}") = "VektorMathematik", "VektorMathematik\VektorMathematik.csproj", "{D2A17208-82A8-4D3D-8897-EAFEFBA5DA7E}"
EndProject
Global
	GlobalSection(SolutionConfigurationPlatforms) = preSolution
		Debug|Any CPU = Debug|Any CPU
		Release|Any CPU = Release|Any CPU
	EndGlobalSection
	GlobalSection(ProjectConfigurationPlatforms) = postSolution
		{D2A17208-82A8-4D3D-8897-EAFEFBA5DA7E}.Debug|Any CPU.ActiveCfg = Debug|Any CPU
		{D2A17208-82A8-4D3D-8897-EAFEFBA5DA7E}.Debug|Any CPU.Build.0 = Debug|Any CPU
		{D2A17208-82A8-4D3D-8897-EAFEFBA5DA7E}.Release|Any CPU.ActiveCfg = Release|Any CPU
		{D2A17208-82A8-4D3D-8897-EAFEFBA5DA7E}.Release|Any CPU.Build.0 = Release|Any CPU
	EndGlobalSection
	GlobalSection(SolutionProperties) = preSolution
		HideSolutionNode = FALSE
	EndGlobalSection
	GlobalSection(ExtensibilityGlobals) = postSolution
		SolutionGuid = {8AAC8CAA-DCD4-4340-9373-91FEC7F9453A}
	EndGlobalSection
EndGlobal
